<?xml version="1.0" encoding="utf-8"?>
<Project ToolsVersion="4.0" xmlns="http://schemas.microsoft.com/developer/msbuild/2003">
  <ItemGroup>
    <Filter Include="Source Files">
      <UniqueIdentifier>{4FC737F1-C7A5-4376-A066-2A32D752A2FF}</UniqueIdentifier>
      <Extensions>cpp;c;cc;cxx;def;odl;idl;hpj;bat;asm;asmx</Extensions>
    </Filter>
    <Filter Include="Header Files">
      <UniqueIdentifier>{93995380-89BD-4b04-88EB-625FBE52EBFB}</UniqueIdentifier>
      <Extensions>h;hh;hpp;hxx;hm;inl;inc;xsd</Extensions>
    </Filter>
    <Filter Include="Resource Files">
      <UniqueIdentifier>{67DA6AB6-F800-4c08-8B7A-83BB121AAD01}</UniqueIdentifier>
      <Extensions>rc;ico;cur;bmp;dlg;rc2;rct;bin;rgs;gif;jpg;jpeg;jpe;resx;tiff;tif;png;wav;mfcribbon-ms</Extensions>
    </Filter>
    <Filter Include="Header Files\GraphicAPI">
      <UniqueIdentifier>{016493cb-03cc-40da-afef-a67dd8788bc5}</UniqueIdentifier>
    </Filter>
    <Filter Include="Source Files\GraphicAPI">
      <UniqueIdentifier>{01ae344f-c7b9-4adc-a9aa-3796021e488c}</UniqueIdentifier>
    </Filter>
    <Filter Include="Header Files\Engine">
      <UniqueIdentifier>{b9ea6211-46f3-42e2-949a-78e8a27070dc}</UniqueIdentifier>
    </Filter>
    <Filter Include="Source Files\Engine">
      <UniqueIdentifier>{de03d4d5-3059-41da-b4e5-a5dd9bc923aa}</UniqueIdentifier>
    </Filter>
    <Filter Include="Resource Files\Shaders">
      <UniqueIdentifier>{6890716b-033f-4e56-a16b-e2147a79e05c}</UniqueIdentifier>
    </Filter>
    <Filter Include="Header Files\Math">
      <UniqueIdentifier>{11610ac6-fc6b-4bde-894a-793405711db3}</UniqueIdentifier>
    </Filter>
    <Filter Include="Source Files\Math">
      <UniqueIdentifier>{5a7bb2f1-d2e4-43b4-9fdc-b615594bbd0d}</UniqueIdentifier>
    </Filter>
    <Filter Include="Source Files\Components">
      <UniqueIdentifier>{206f1a41-e995-4201-9d3e-898e1e5ab77c}</UniqueIdentifier>
    </Filter>
    <Filter Include="Header Files\Components">
      <UniqueIdentifier>{7523df3b-da8f-4830-a925-1a4740eec668}</UniqueIdentifier>
    </Filter>
    <Filter Include="Resource Files\Shaders\Vertex">
      <UniqueIdentifier>{9f0e28a5-5da3-4b05-9b20-632f4c523bc3}</UniqueIdentifier>
    </Filter>
    <Filter Include="Resource Files\Shaders\Fragment">
      <UniqueIdentifier>{0ba8a20c-6067-4df5-828f-991f3c56f2e4}</UniqueIdentifier>
    </Filter>
    <Filter Include="Source Files\GraphicAPI\OpenGL">
      <UniqueIdentifier>{cc634aa2-283d-4e8f-b2e0-23a0c94ac1de}</UniqueIdentifier>
    </Filter>
    <Filter Include="Header Files\GraphicAPI\OpenGL">
      <UniqueIdentifier>{a5140c43-237f-461b-b678-7fe142c43d63}</UniqueIdentifier>
    </Filter>
  </ItemGroup>
  <ItemGroup>
    <ClCompile Include="main.cpp">
      <Filter>Source Files</Filter>
    </ClCompile>
    <ClCompile Include="GraphicAPI.cpp">
      <Filter>Source Files\GraphicAPI</Filter>
    </ClCompile>
    <ClCompile Include="Engine.cpp">
      <Filter>Source Files\Engine</Filter>
    </ClCompile>
    <ClCompile Include="ShaderLoader.cpp">
      <Filter>Source Files\GraphicAPI</Filter>
    </ClCompile>
    <ClCompile Include="SceneBase.cpp">
      <Filter>Source Files\Engine</Filter>
    </ClCompile>
    <ClCompile Include="GameObject.cpp">
      <Filter>Source Files\Engine</Filter>
    </ClCompile>
    <ClCompile Include="Vector3D.cpp">
      <Filter>Source Files\Math</Filter>
    </ClCompile>
    <ClCompile Include="VertexFormat.cpp">
      <Filter>Source Files\GraphicAPI</Filter>
    </ClCompile>
    <ClCompile Include="Component.cpp">
      <Filter>Source Files\Components</Filter>
    </ClCompile>
    <ClCompile Include="Renderer.cpp">
      <Filter>Source Files\Components</Filter>
    </ClCompile>
    <ClCompile Include="ModelManager.cpp">
      <Filter>Source Files\GraphicAPI</Filter>
    </ClCompile>
    <ClCompile Include="GraphicOpenGL.cpp">
      <Filter>Source Files\GraphicAPI\OpenGL</Filter>
    </ClCompile>
    <ClCompile Include="LoaderGLSL.cpp">
      <Filter>Source Files\GraphicAPI\OpenGL</Filter>
    </ClCompile>
    <ClCompile Include="ShaderUtils.cpp">
      <Filter>Source Files\GraphicAPI</Filter>
    </ClCompile>
  </ItemGroup>
  <ItemGroup>
    <ClInclude Include="GraphicAPI.h">
      <Filter>Header Files\GraphicAPI</Filter>
    </ClInclude>
    <ClInclude Include="Engine.h">
      <Filter>Header Files\Engine</Filter>
    </ClInclude>
    <ClInclude Include="ShaderLoader.h">
      <Filter>Header Files\GraphicAPI</Filter>
    </ClInclude>
    <ClInclude Include="SceneBase.h">
      <Filter>Header Files\Engine</Filter>
    </ClInclude>
    <ClInclude Include="GameObject.h">
      <Filter>Header Files\Engine</Filter>
    </ClInclude>
    <ClInclude Include="Vector3D.h">
      <Filter>Header Files\Math</Filter>
    </ClInclude>
    <ClInclude Include="VertexFormat.h">
      <Filter>Header Files\GraphicAPI</Filter>
    </ClInclude>
    <ClInclude Include="Component.h">
      <Filter>Header Files\Components</Filter>
    </ClInclude>
    <ClInclude Include="Renderer.h">
      <Filter>Header Files\Components</Filter>
    </ClInclude>
    <ClInclude Include="ModelManager.h">
      <Filter>Header Files\GraphicAPI</Filter>
    </ClInclude>
    <ClInclude Include="GraphicOpenGL.h">
      <Filter>Header Files\GraphicAPI\OpenGL</Filter>
    </ClInclude>
    <ClInclude Include="LoaderGLSL.h">
      <Filter>Header Files\GraphicAPI\OpenGL</Filter>
    </ClInclude>
    <ClInclude Include="ShaderUtils.h">
      <Filter>Header Files\GraphicAPI</Filter>
    </ClInclude>
  </ItemGroup>
  <ItemGroup>
    <None Include="vertexShader.glsl">
      <Filter>Resource Files\Shaders\Vertex</Filter>
    </None>
    <None Include="fragmentShader.glsl">
      <Filter>Resource Files\Shaders\Fragment</Filter>
    </None>
  </ItemGroup>
</Project>